
Microsoft Visual Studio Solution File, Format Version 12.00
# Visual Studio Version 17
VisualStudioVersion = 17.13.35931.197
MinimumVisualStudioVersion = 10.0.40219.1
Project("{2150E333-8FDC-42A3-9474-1A3956D46DE8}") = "Teacher", "Teacher", "{02EA681E-C7D8-13C7-8484-4AC65E1B71E8}"
EndProject
Project("{FAE04EC0-301F-11D3-BF4B-00C04F79EFBC}") = "WebAPP", "Teacher\WebAPP\WebAPP.csproj", "{F85C1A1F-F2D8-249D-4BF5-F136219DD7BA}"
EndProject
Project("{FAE04EC0-301F-11D3-BF4B-00C04F79EFBC}") = "MyController", "Teacher\MyController\MyController.csproj", "{A7AAE6E9-DA45-F293-8D73-E81B4DE511E5}"
EndProject
Project("{FAE04EC0-301F-11D3-BF4B-00C04F79EFBC}") = "CSharp", "Teacher\CSharp\CSharp.csproj", "{2EFC3552-FA61-FD99-7160-3888BB0C946E}"
EndProject
Project("{FAE04EC0-301F-11D3-BF4B-00C04F79EFBC}") = "MyView", "Teacher\MyView\MyView.csproj", "{46822E02-2918-D0A7-C748-91DFD0E962B3}"
EndProject
Project("{2150E333-8FDC-42A3-9474-1A3956D46DE8}") = "My", "My", "{34767B73-0185-495A-870F-3806D34CE124}"
EndProject
Project("{FAE04EC0-301F-11D3-BF4B-00C04F79EFBC}") = "ConsoleApp1", "My\ConsoleApp1\ConsoleApp1.csproj", "{B8569E17-ABA3-D9E6-E529-0EADC8199EF4}"
EndProject
Project("{FAE04EC0-301F-11D3-BF4B-00C04F79EFBC}") = "MyController", "My\MyController\MyController.csproj", "{6FCC7A6B-7877-C587-93B7-35389D958756}"
EndProject
Project("{FAE04EC0-301F-11D3-BF4B-00C04F79EFBC}") = "Test1", "My\Test1\Test1.csproj", "{FABBF9B6-344A-0956-7340-8BE4BE113CCA}"
EndProject
Project("{FAE04EC0-301F-11D3-BF4B-00C04F79EFBC}") = "Test2", "My\Test2\Test2.csproj", "{AEF45DC5-175E-F0A6-597C-77723EDD14BC}"
EndProject
Project("{FAE04EC0-301F-11D3-BF4B-00C04F79EFBC}") = "WebApp", "My\WebApp\WebApp.csproj", "{276D43B6-37C8-813D-9430-5C7032F221E0}"
EndProject
Project("{FAE04EC0-301F-11D3-BF4B-00C04F79EFBC}") = "MyModel_DBFirst", "Teacher\MyModel_DBFirst\MyModel_DBFirst.csproj", "{14B83504-2F2D-DCEC-B5B9-5EA951698B9F}"
EndProject
Project("{FAE04EC0-301F-11D3-BF4B-00C04F79EFBC}") = "ModelDBFirst", "My\DBFirst\ModelDBFirst.csproj", "{C7E0DC62-D3E4-546C-BC67-0C7771D1A68F}"
EndProject
Project("{FAE04EC0-301F-11D3-BF4B-00C04F79EFBC}") = "NorthwindStore", "My\NorthwindStore\NorthwindStore.csproj", "{E4C92D81-485C-4914-B58A-28643811D1F1}"
EndProject
Project("{FAE04EC0-301F-11D3-BF4B-00C04F79EFBC}") = "NorthwindStore", "Teacher\NorthwindStore\NorthwindStore.csproj", "{A87DBDF9-8503-99A1-62BC-9B2615212EEC}"
EndProject
Project("{FAE04EC0-301F-11D3-BF4B-00C04F79EFBC}") = "ModelCodeFirst", "ModelCodeFirst\ModelCodeFirst.csproj", "{436E9C6F-2E5B-4689-BDE9-7CBF47EE2071}"
EndProject
Project("{FAE04EC0-301F-11D3-BF4B-00C04F79EFBC}") = "MyModel_CodeFirst", "Teacher\MyModel_CodeFirst\MyModel_CodeFirst.csproj", "{48214E5A-3AC7-0161-EBE3-140C2E8D3514}"
EndProject
Global
	GlobalSection(SolutionConfigurationPlatforms) = preSolution
		Debug|Any CPU = Debug|Any CPU
		Release|Any CPU = Release|Any CPU
	EndGlobalSection
	GlobalSection(ProjectConfigurationPlatforms) = postSolution
		{F85C1A1F-F2D8-249D-4BF5-F136219DD7BA}.Debug|Any CPU.ActiveCfg = Debug|Any CPU
		{F85C1A1F-F2D8-249D-4BF5-F136219DD7BA}.Debug|Any CPU.Build.0 = Debug|Any CPU
		{F85C1A1F-F2D8-249D-4BF5-F136219DD7BA}.Release|Any CPU.ActiveCfg = Release|Any CPU
		{F85C1A1F-F2D8-249D-4BF5-F136219DD7BA}.Release|Any CPU.Build.0 = Release|Any CPU
		{A7AAE6E9-DA45-F293-8D73-E81B4DE511E5}.Debug|Any CPU.ActiveCfg = Debug|Any CPU
		{A7AAE6E9-DA45-F293-8D73-E81B4DE511E5}.Debug|Any CPU.Build.0 = Debug|Any CPU
		{A7AAE6E9-DA45-F293-8D73-E81B4DE511E5}.Release|Any CPU.ActiveCfg = Release|Any CPU
		{A7AAE6E9-DA45-F293-8D73-E81B4DE511E5}.Release|Any CPU.Build.0 = Release|Any CPU
		{2EFC3552-FA61-FD99-7160-3888BB0C946E}.Debug|Any CPU.ActiveCfg = Debug|Any CPU
		{2EFC3552-FA61-FD99-7160-3888BB0C946E}.Debug|Any CPU.Build.0 = Debug|Any CPU
		{2EFC3552-FA61-FD99-7160-3888BB0C946E}.Release|Any CPU.ActiveCfg = Release|Any CPU
		{2EFC3552-FA61-FD99-7160-3888BB0C946E}.Release|Any CPU.Build.0 = Release|Any CPU
		{46822E02-2918-D0A7-C748-91DFD0E962B3}.Debug|Any CPU.ActiveCfg = Debug|Any CPU
		{46822E02-2918-D0A7-C748-91DFD0E962B3}.Debug|Any CPU.Build.0 = Debug|Any CPU
		{46822E02-2918-D0A7-C748-91DFD0E962B3}.Release|Any CPU.ActiveCfg = Release|Any CPU
		{46822E02-2918-D0A7-C748-91DFD0E962B3}.Release|Any CPU.Build.0 = Release|Any CPU
		{B8569E17-ABA3-D9E6-E529-0EADC8199EF4}.Debug|Any CPU.ActiveCfg = Debug|Any CPU
		{B8569E17-ABA3-D9E6-E529-0EADC8199EF4}.Debug|Any CPU.Build.0 = Debug|Any CPU
		{B8569E17-ABA3-D9E6-E529-0EADC8199EF4}.Release|Any CPU.ActiveCfg = Release|Any CPU
		{B8569E17-ABA3-D9E6-E529-0EADC8199EF4}.Release|Any CPU.Build.0 = Release|Any CPU
		{6FCC7A6B-7877-C587-93B7-35389D958756}.Debug|Any CPU.ActiveCfg = Debug|Any CPU
		{6FCC7A6B-7877-C587-93B7-35389D958756}.Debug|Any CPU.Build.0 = Debug|Any CPU
		{6FCC7A6B-7877-C587-93B7-35389D958756}.Release|Any CPU.ActiveCfg = Release|Any CPU
		{6FCC7A6B-7877-C587-93B7-35389D958756}.Release|Any CPU.Build.0 = Release|Any CPU
		{FABBF9B6-344A-0956-7340-8BE4BE113CCA}.Debug|Any CPU.ActiveCfg = Debug|Any CPU
		{FABBF9B6-344A-0956-7340-8BE4BE113CCA}.Debug|Any CPU.Build.0 = Debug|Any CPU
		{FABBF9B6-344A-0956-7340-8BE4BE113CCA}.Release|Any CPU.ActiveCfg = Release|Any CPU
		{FABBF9B6-344A-0956-7340-8BE4BE113CCA}.Release|Any CPU.Build.0 = Release|Any CPU
		{AEF45DC5-175E-F0A6-597C-77723EDD14BC}.Debug|Any CPU.ActiveCfg = Debug|Any CPU
		{AEF45DC5-175E-F0A6-597C-77723EDD14BC}.Debug|Any CPU.Build.0 = Debug|Any CPU
		{AEF45DC5-175E-F0A6-597C-77723EDD14BC}.Release|Any CPU.ActiveCfg = Release|Any CPU
		{AEF45DC5-175E-F0A6-597C-77723EDD14BC}.Release|Any CPU.Build.0 = Release|Any CPU
		{276D43B6-37C8-813D-9430-5C7032F221E0}.Debug|Any CPU.ActiveCfg = Debug|Any CPU
		{276D43B6-37C8-813D-9430-5C7032F221E0}.Debug|Any CPU.Build.0 = Debug|Any CPU
		{276D43B6-37C8-813D-9430-5C7032F221E0}.Release|Any CPU.ActiveCfg = Release|Any CPU
		{276D43B6-37C8-813D-9430-5C7032F221E0}.Release|Any CPU.Build.0 = Release|Any CPU
		{14B83504-2F2D-DCEC-B5B9-5EA951698B9F}.Debug|Any CPU.ActiveCfg = Debug|Any CPU
		{14B83504-2F2D-DCEC-B5B9-5EA951698B9F}.Debug|Any CPU.Build.0 = Debug|Any CPU
		{14B83504-2F2D-DCEC-B5B9-5EA951698B9F}.Release|Any CPU.ActiveCfg = Release|Any CPU
		{14B83504-2F2D-DCEC-B5B9-5EA951698B9F}.Release|Any CPU.Build.0 = Release|Any CPU
		{C7E0DC62-D3E4-546C-BC67-0C7771D1A68F}.Debug|Any CPU.ActiveCfg = Debug|Any CPU
		{C7E0DC62-D3E4-546C-BC67-0C7771D1A68F}.Debug|Any CPU.Build.0 = Debug|Any CPU
		{C7E0DC62-D3E4-546C-BC67-0C7771D1A68F}.Release|Any CPU.ActiveCfg = Release|Any CPU
		{C7E0DC62-D3E4-546C-BC67-0C7771D1A68F}.Release|Any CPU.Build.0 = Release|Any CPU
		{E4C92D81-485C-4914-B58A-28643811D1F1}.Debug|Any CPU.ActiveCfg = Debug|Any CPU
		{E4C92D81-485C-4914-B58A-28643811D1F1}.Debug|Any CPU.Build.0 = Debug|Any CPU
		{E4C92D81-485C-4914-B58A-28643811D1F1}.Release|Any CPU.ActiveCfg = Release|Any CPU
		{E4C92D81-485C-4914-B58A-28643811D1F1}.Release|Any CPU.Build.0 = Release|Any CPU
		{A87DBDF9-8503-99A1-62BC-9B2615212EEC}.Debug|Any CPU.ActiveCfg = Debug|Any CPU
		{A87DBDF9-8503-99A1-62BC-9B2615212EEC}.Debug|Any CPU.Build.0 = Debug|Any CPU
		{A87DBDF9-8503-99A1-62BC-9B2615212EEC}.Release|Any CPU.ActiveCfg = Release|Any CPU
		{A87DBDF9-8503-99A1-62BC-9B2615212EEC}.Release|Any CPU.Build.0 = Release|Any CPU
		{436E9C6F-2E5B-4689-BDE9-7CBF47EE2071}.Debug|Any CPU.ActiveCfg = Debug|Any CPU
		{436E9C6F-2E5B-4689-BDE9-7CBF47EE2071}.Debug|Any CPU.Build.0 = Debug|Any CPU
		{436E9C6F-2E5B-4689-BDE9-7CBF47EE2071}.Release|Any CPU.ActiveCfg = Release|Any CPU
		{436E9C6F-2E5B-4689-BDE9-7CBF47EE2071}.Release|Any CPU.Build.0 = Release|Any CPU
		{48214E5A-3AC7-0161-EBE3-140C2E8D3514}.Debug|Any CPU.ActiveCfg = Debug|Any CPU
		{48214E5A-3AC7-0161-EBE3-140C2E8D3514}.Debug|Any CPU.Build.0 = Debug|Any CPU
		{48214E5A-3AC7-0161-EBE3-140C2E8D3514}.Release|Any CPU.ActiveCfg = Release|Any CPU
		{48214E5A-3AC7-0161-EBE3-140C2E8D3514}.Release|Any CPU.Build.0 = Release|Any CPU
	EndGlobalSection
	GlobalSection(SolutionProperties) = preSolution
		HideSolutionNode = FALSE
	EndGlobalSection
	GlobalSection(NestedProjects) = preSolution
		{F85C1A1F-F2D8-249D-4BF5-F136219DD7BA} = {02EA681E-C7D8-13C7-8484-4AC65E1B71E8}
		{A7AAE6E9-DA45-F293-8D73-E81B4DE511E5} = {02EA681E-C7D8-13C7-8484-4AC65E1B71E8}
		{2EFC3552-FA61-FD99-7160-3888BB0C946E} = {02EA681E-C7D8-13C7-8484-4AC65E1B71E8}
		{46822E02-2918-D0A7-C748-91DFD0E962B3} = {02EA681E-C7D8-13C7-8484-4AC65E1B71E8}
		{B8569E17-ABA3-D9E6-E529-0EADC8199EF4} = {34767B73-0185-495A-870F-3806D34CE124}
		{6FCC7A6B-7877-C587-93B7-35389D958756} = {34767B73-0185-495A-870F-3806D34CE124}
		{FABBF9B6-344A-0956-7340-8BE4BE113CCA} = {34767B73-0185-495A-870F-3806D34CE124}
		{AEF45DC5-175E-F0A6-597C-77723EDD14BC} = {34767B73-0185-495A-870F-3806D34CE124}
		{276D43B6-37C8-813D-9430-5C7032F221E0} = {34767B73-0185-495A-870F-3806D34CE124}
		{14B83504-2F2D-DCEC-B5B9-5EA951698B9F} = {02EA681E-C7D8-13C7-8484-4AC65E1B71E8}
		{C7E0DC62-D3E4-546C-BC67-0C7771D1A68F} = {34767B73-0185-495A-870F-3806D34CE124}
		{E4C92D81-485C-4914-B58A-28643811D1F1} = {34767B73-0185-495A-870F-3806D34CE124}
		{A87DBDF9-8503-99A1-62BC-9B2615212EEC} = {02EA681E-C7D8-13C7-8484-4AC65E1B71E8}
		{436E9C6F-2E5B-4689-BDE9-7CBF47EE2071} = {34767B73-0185-495A-870F-3806D34CE124}
		{48214E5A-3AC7-0161-EBE3-140C2E8D3514} = {02EA681E-C7D8-13C7-8484-4AC65E1B71E8}
	EndGlobalSection
	GlobalSection(ExtensibilityGlobals) = postSolution
		SolutionGuid = {8A7AD7DF-1590-4C6B-B95E-FE5859A20146}
	EndGlobalSection
EndGlobal
