
Microsoft Visual Studio Solution File, Format Version 12.00
# Visual Studio Version 17
VisualStudioVersion = 17.13.35931.197
MinimumVisualStudioVersion = 10.0.40219.1
Project("{FAE04EC0-301F-11D3-BF4B-00C04F79EFBC}") = "WebApp", "WebApp\WebApp.csproj", "{848A6EC2-1B29-42ED-AE16-7801C0372F44}"
EndProject
Project("{FAE04EC0-301F-11D3-BF4B-00C04F79EFBC}") = "Test1", "Test1\Test1.csproj", "{91D557E2-095C-47F0-997A-B0E03F1F9788}"
EndProject
Project("{FAE04EC0-301F-11D3-BF4B-00C04F79EFBC}") = "ConsoleApp1", "ConsoleApp1\ConsoleApp1.csproj", "{5B68813F-23C2-8DF2-1B1F-9033A2893F62}"
EndProject
Project("{2150E333-8FDC-42A3-9474-1A3956D46DE8}") = "Teacher", "Teacher", "{02EA681E-C7D8-13C7-8484-4AC65E1B71E8}"
EndProject
Project("{FAE04EC0-301F-11D3-BF4B-00C04F79EFBC}") = "Test2", "Test2\Test2.csproj", "{D6688D03-A675-47C3-93AC-83CBA8A2CB71}"
EndProject
Project("{FAE04EC0-301F-11D3-BF4B-00C04F79EFBC}") = "WebAPP", "Teacher\WebAPP\WebAPP.csproj", "{F85C1A1F-F2D8-249D-4BF5-F136219DD7BA}"
EndProject
Project("{FAE04EC0-301F-11D3-BF4B-00C04F79EFBC}") = "MyController", "Teacher\MyController\MyController.csproj", "{A7AAE6E9-DA45-F293-8D73-E81B4DE511E5}"
EndProject
Project("{FAE04EC0-301F-11D3-BF4B-00C04F79EFBC}") = "CSharp", "Teacher\CSharp\CSharp.csproj", "{2EFC3552-FA61-FD99-7160-3888BB0C946E}"
EndProject
Project("{FAE04EC0-301F-11D3-BF4B-00C04F79EFBC}") = "MyView", "Teacher\MyView\MyView.csproj", "{46822E02-2918-D0A7-C748-91DFD0E962B3}"
EndProject
Project("{2150E333-8FDC-42A3-9474-1A3956D46DE8}") = "My", "My", "{34767B73-0185-495A-870F-3806D34CE124}"
EndProject
Global
	GlobalSection(SolutionConfigurationPlatforms) = preSolution
		Debug|Any CPU = Debug|Any CPU
		Release|Any CPU = Release|Any CPU
	EndGlobalSection
	GlobalSection(ProjectConfigurationPlatforms) = postSolution
		{848A6EC2-1B29-42ED-AE16-7801C0372F44}.Debug|Any CPU.ActiveCfg = Debug|Any CPU
		{848A6EC2-1B29-42ED-AE16-7801C0372F44}.Debug|Any CPU.Build.0 = Debug|Any CPU
		{848A6EC2-1B29-42ED-AE16-7801C0372F44}.Release|Any CPU.ActiveCfg = Release|Any CPU
		{848A6EC2-1B29-42ED-AE16-7801C0372F44}.Release|Any CPU.Build.0 = Release|Any CPU
		{91D557E2-095C-47F0-997A-B0E03F1F9788}.Debug|Any CPU.ActiveCfg = Debug|Any CPU
		{91D557E2-095C-47F0-997A-B0E03F1F9788}.Debug|Any CPU.Build.0 = Debug|Any CPU
		{91D557E2-095C-47F0-997A-B0E03F1F9788}.Release|Any CPU.ActiveCfg = Release|Any CPU
		{91D557E2-095C-47F0-997A-B0E03F1F9788}.Release|Any CPU.Build.0 = Release|Any CPU
		{5B68813F-23C2-8DF2-1B1F-9033A2893F62}.Debug|Any CPU.ActiveCfg = Debug|Any CPU
		{5B68813F-23C2-8DF2-1B1F-9033A2893F62}.Debug|Any CPU.Build.0 = Debug|Any CPU
		{5B68813F-23C2-8DF2-1B1F-9033A2893F62}.Release|Any CPU.ActiveCfg = Release|Any CPU
		{5B68813F-23C2-8DF2-1B1F-9033A2893F62}.Release|Any CPU.Build.0 = Release|Any CPU
		{D6688D03-A675-47C3-93AC-83CBA8A2CB71}.Debug|Any CPU.ActiveCfg = Debug|Any CPU
		{D6688D03-A675-47C3-93AC-83CBA8A2CB71}.Debug|Any CPU.Build.0 = Debug|Any CPU
		{D6688D03-A675-47C3-93AC-83CBA8A2CB71}.Release|Any CPU.ActiveCfg = Release|Any CPU
		{D6688D03-A675-47C3-93AC-83CBA8A2CB71}.Release|Any CPU.Build.0 = Release|Any CPU
		{F85C1A1F-F2D8-249D-4BF5-F136219DD7BA}.Debug|Any CPU.ActiveCfg = Debug|Any CPU
		{F85C1A1F-F2D8-249D-4BF5-F136219DD7BA}.Debug|Any CPU.Build.0 = Debug|Any CPU
		{F85C1A1F-F2D8-249D-4BF5-F136219DD7BA}.Release|Any CPU.ActiveCfg = Release|Any CPU
		{F85C1A1F-F2D8-249D-4BF5-F136219DD7BA}.Release|Any CPU.Build.0 = Release|Any CPU
		{A7AAE6E9-DA45-F293-8D73-E81B4DE511E5}.Debug|Any CPU.ActiveCfg = Debug|Any CPU
		{A7AAE6E9-DA45-F293-8D73-E81B4DE511E5}.Debug|Any CPU.Build.0 = Debug|Any CPU
		{A7AAE6E9-DA45-F293-8D73-E81B4DE511E5}.Release|Any CPU.ActiveCfg = Release|Any CPU
		{A7AAE6E9-DA45-F293-8D73-E81B4DE511E5}.Release|Any CPU.Build.0 = Release|Any CPU
		{2EFC3552-FA61-FD99-7160-3888BB0C946E}.Debug|Any CPU.ActiveCfg = Debug|Any CPU
		{2EFC3552-FA61-FD99-7160-3888BB0C946E}.Debug|Any CPU.Build.0 = Debug|Any CPU
		{2EFC3552-FA61-FD99-7160-3888BB0C946E}.Release|Any CPU.ActiveCfg = Release|Any CPU
		{2EFC3552-FA61-FD99-7160-3888BB0C946E}.Release|Any CPU.Build.0 = Release|Any CPU
		{46822E02-2918-D0A7-C748-91DFD0E962B3}.Debug|Any CPU.ActiveCfg = Debug|Any CPU
		{46822E02-2918-D0A7-C748-91DFD0E962B3}.Debug|Any CPU.Build.0 = Debug|Any CPU
		{46822E02-2918-D0A7-C748-91DFD0E962B3}.Release|Any CPU.ActiveCfg = Release|Any CPU
		{46822E02-2918-D0A7-C748-91DFD0E962B3}.Release|Any CPU.Build.0 = Release|Any CPU
	EndGlobalSection
	GlobalSection(SolutionProperties) = preSolution
		HideSolutionNode = FALSE
	EndGlobalSection
	GlobalSection(NestedProjects) = preSolution
		{848A6EC2-1B29-42ED-AE16-7801C0372F44} = {34767B73-0185-495A-870F-3806D34CE124}
		{91D557E2-095C-47F0-997A-B0E03F1F9788} = {34767B73-0185-495A-870F-3806D34CE124}
		{5B68813F-23C2-8DF2-1B1F-9033A2893F62} = {34767B73-0185-495A-870F-3806D34CE124}
		{D6688D03-A675-47C3-93AC-83CBA8A2CB71} = {34767B73-0185-495A-870F-3806D34CE124}
		{F85C1A1F-F2D8-249D-4BF5-F136219DD7BA} = {02EA681E-C7D8-13C7-8484-4AC65E1B71E8}
		{A7AAE6E9-DA45-F293-8D73-E81B4DE511E5} = {02EA681E-C7D8-13C7-8484-4AC65E1B71E8}
		{2EFC3552-FA61-FD99-7160-3888BB0C946E} = {02EA681E-C7D8-13C7-8484-4AC65E1B71E8}
		{46822E02-2918-D0A7-C748-91DFD0E962B3} = {02EA681E-C7D8-13C7-8484-4AC65E1B71E8}
	EndGlobalSection
	GlobalSection(ExtensibilityGlobals) = postSolution
		SolutionGuid = {8A7AD7DF-1590-4C6B-B95E-FE5859A20146}
	EndGlobalSection
EndGlobal
